
Microsoft Visual Studio Solution File, Format Version 12.00
# Visual Studio Version 17
VisualStudioVersion = 17.7.34024.191
MinimumVisualStudioVersion = 10.0.40219.1
Project("{FAE04EC0-301F-11D3-BF4B-00C04F79EFBC}") = "AltaMascotas", "AltaMascotas\AltaMascotas.csproj", "{E83B206C-4C36-4BA1-A97E-BCDC7C4E9C47}"
EndProject
Global
	GlobalSection(SolutionConfigurationPlatforms) = preSolution
		Debug|Any CPU = Debug|Any CPU
		Release|Any CPU = Release|Any CPU
	EndGlobalSection
	GlobalSection(ProjectConfigurationPlatforms) = postSolution
		{E83B206C-4C36-4BA1-A97E-BCDC7C4E9C47}.Debug|Any CPU.ActiveCfg = Debug|Any CPU
		{E83B206C-4C36-4BA1-A97E-BCDC7C4E9C47}.Debug|Any CPU.Build.0 = Debug|Any CPU
		{E83B206C-4C36-4BA1-A97E-BCDC7C4E9C47}.Release|Any CPU.ActiveCfg = Release|Any CPU
		{E83B206C-4C36-4BA1-A97E-BCDC7C4E9C47}.Release|Any CPU.Build.0 = Release|Any CPU
	EndGlobalSection
	GlobalSection(SolutionProperties) = preSolution
		HideSolutionNode = FALSE
	EndGlobalSection
	GlobalSection(ExtensibilityGlobals) = postSolution
		SolutionGuid = {D781BEEE-5FA5-45FD-977A-37E991E97591}
	EndGlobalSection
EndGlobal
